
Microsoft Visual Studio Solution File, Format Version 12.00
# Visual Studio Version 17
VisualStudioVersion = 17.10.35004.147
MinimumVisualStudioVersion = 10.0.40219.1
Project("{FAE04EC0-301F-11D3-BF4B-00C04F79EFBC}") = "vc-10-random-integers-with-repetitions", "vc-10-random-integers-with-repetitions\vc-10-random-integers-with-repetitions.csproj", "{71E2A0DE-7053-4FC2-85F9-287932FA7E55}"
EndProject
Global
	GlobalSection(SolutionConfigurationPlatforms) = preSolution
		Debug|Any CPU = Debug|Any CPU
		Release|Any CPU = Release|Any CPU
	EndGlobalSection
	GlobalSection(ProjectConfigurationPlatforms) = postSolution
		{71E2A0DE-7053-4FC2-85F9-287932FA7E55}.Debug|Any CPU.ActiveCfg = Debug|Any CPU
		{71E2A0DE-7053-4FC2-85F9-287932FA7E55}.Debug|Any CPU.Build.0 = Debug|Any CPU
		{71E2A0DE-7053-4FC2-85F9-287932FA7E55}.Release|Any CPU.ActiveCfg = Release|Any CPU
		{71E2A0DE-7053-4FC2-85F9-287932FA7E55}.Release|Any CPU.Build.0 = Release|Any CPU
	EndGlobalSection
	GlobalSection(SolutionProperties) = preSolution
		HideSolutionNode = FALSE
	EndGlobalSection
	GlobalSection(ExtensibilityGlobals) = postSolution
		SolutionGuid = {FD354A2E-6E39-48C3-8C64-62C8E0834D77}
	EndGlobalSection
EndGlobal
